
Microsoft Visual Studio Solution File, Format Version 12.00
# Visual Studio Version 17
VisualStudioVersion = 17.7.34202.233
MinimumVisualStudioVersion = 10.0.40219.1
Project("{2150E333-8FDC-42A3-9474-1A3956D46DE8}") = "Core", "Core", "{4A9819BC-0BBA-4CA5-BC52-03BBE5DDC740}"
EndProject
Project("{2150E333-8FDC-42A3-9474-1A3956D46DE8}") = "Infrastructure", "Infrastructure", "{9437667F-ABB1-42AB-BFAA-0BF2906D3660}"
EndProject
Project("{2150E333-8FDC-42A3-9474-1A3956D46DE8}") = "Presentation", "Presentation", "{EDA6B297-6817-41BA-9356-CE1F76C6ECAE}"
EndProject
Project("{2150E333-8FDC-42A3-9474-1A3956D46DE8}") = "Tests", "Tests", "{666E1B48-5B53-434D-B9B1-1CB30D842992}"
EndProject
Project("{9A19103F-16F7-4668-BE54-9A1E7A4F7556}") = "Notes.Domain", "Notes.Domain\Notes.Domain.csproj", "{184C2446-1C23-4696-9595-4525F670D7AA}"
EndProject
Project("{9A19103F-16F7-4668-BE54-9A1E7A4F7556}") = "Notes.Application", "Notes.Application\Notes.Application.csproj", "{F01D9F59-EF06-40A5-A71D-48DE25C9A407}"
EndProject
Project("{9A19103F-16F7-4668-BE54-9A1E7A4F7556}") = "Notes.Persistence", "Notes.Persistence\Notes.Persistence.csproj", "{4D796383-D2DA-459D-8FD4-447A4706E241}"
EndProject
Project("{9A19103F-16F7-4668-BE54-9A1E7A4F7556}") = "Notes.WebApi", "Notes.WebApi\Notes.WebApi.csproj", "{535C717E-E915-4204-94B2-3EC9B10C803E}"
EndProject
Project("{9A19103F-16F7-4668-BE54-9A1E7A4F7556}") = "Notes.Tests.Acceptance", "Notes.Tests.Acceptance\Notes.Tests.Acceptance.csproj", "{17215259-EFDF-48FF-B545-988BBB818835}"
EndProject
Global
	GlobalSection(SolutionConfigurationPlatforms) = preSolution
		Debug|Any CPU = Debug|Any CPU
		Release|Any CPU = Release|Any CPU
	EndGlobalSection
	GlobalSection(ProjectConfigurationPlatforms) = postSolution
		{184C2446-1C23-4696-9595-4525F670D7AA}.Debug|Any CPU.ActiveCfg = Debug|Any CPU
		{184C2446-1C23-4696-9595-4525F670D7AA}.Debug|Any CPU.Build.0 = Debug|Any CPU
		{184C2446-1C23-4696-9595-4525F670D7AA}.Release|Any CPU.ActiveCfg = Release|Any CPU
		{184C2446-1C23-4696-9595-4525F670D7AA}.Release|Any CPU.Build.0 = Release|Any CPU
		{F01D9F59-EF06-40A5-A71D-48DE25C9A407}.Debug|Any CPU.ActiveCfg = Debug|Any CPU
		{F01D9F59-EF06-40A5-A71D-48DE25C9A407}.Debug|Any CPU.Build.0 = Debug|Any CPU
		{F01D9F59-EF06-40A5-A71D-48DE25C9A407}.Release|Any CPU.ActiveCfg = Release|Any CPU
		{F01D9F59-EF06-40A5-A71D-48DE25C9A407}.Release|Any CPU.Build.0 = Release|Any CPU
		{4D796383-D2DA-459D-8FD4-447A4706E241}.Debug|Any CPU.ActiveCfg = Debug|Any CPU
		{4D796383-D2DA-459D-8FD4-447A4706E241}.Debug|Any CPU.Build.0 = Debug|Any CPU
		{4D796383-D2DA-459D-8FD4-447A4706E241}.Release|Any CPU.ActiveCfg = Release|Any CPU
		{4D796383-D2DA-459D-8FD4-447A4706E241}.Release|Any CPU.Build.0 = Release|Any CPU
		{535C717E-E915-4204-94B2-3EC9B10C803E}.Debug|Any CPU.ActiveCfg = Debug|Any CPU
		{535C717E-E915-4204-94B2-3EC9B10C803E}.Debug|Any CPU.Build.0 = Debug|Any CPU
		{535C717E-E915-4204-94B2-3EC9B10C803E}.Release|Any CPU.ActiveCfg = Release|Any CPU
		{535C717E-E915-4204-94B2-3EC9B10C803E}.Release|Any CPU.Build.0 = Release|Any CPU
		{17215259-EFDF-48FF-B545-988BBB818835}.Debug|Any CPU.ActiveCfg = Debug|Any CPU
		{17215259-EFDF-48FF-B545-988BBB818835}.Debug|Any CPU.Build.0 = Debug|Any CPU
		{17215259-EFDF-48FF-B545-988BBB818835}.Release|Any CPU.ActiveCfg = Release|Any CPU
		{17215259-EFDF-48FF-B545-988BBB818835}.Release|Any CPU.Build.0 = Release|Any CPU
	EndGlobalSection
	GlobalSection(SolutionProperties) = preSolution
		HideSolutionNode = FALSE
	EndGlobalSection
	GlobalSection(NestedProjects) = preSolution
		{184C2446-1C23-4696-9595-4525F670D7AA} = {4A9819BC-0BBA-4CA5-BC52-03BBE5DDC740}
		{F01D9F59-EF06-40A5-A71D-48DE25C9A407} = {4A9819BC-0BBA-4CA5-BC52-03BBE5DDC740}
		{4D796383-D2DA-459D-8FD4-447A4706E241} = {9437667F-ABB1-42AB-BFAA-0BF2906D3660}
		{535C717E-E915-4204-94B2-3EC9B10C803E} = {EDA6B297-6817-41BA-9356-CE1F76C6ECAE}
		{17215259-EFDF-48FF-B545-988BBB818835} = {666E1B48-5B53-434D-B9B1-1CB30D842992}
	EndGlobalSection
	GlobalSection(ExtensibilityGlobals) = postSolution
		SolutionGuid = {110F6969-61C2-4421-BBDE-2BC3E6AF0DC4}
	EndGlobalSection
EndGlobal
